// !$*UTF8*$!
{
	archiveVersion = 1;
	classes = {
	};
	objectVersion = 55;
	objects = {

/* Begin PBXBuildFile section */
		078A2A76280D466D009982CC /* AppDelegate.swift in Sources */ = {isa = PBXBuildFile; fileRef = 078A2A75280D466D009982CC /* AppDelegate.swift */; };
		078A2A78280D466D009982CC /* SceneDelegate.swift in Sources */ = {isa = PBXBuildFile; fileRef = 078A2A77280D466D009982CC /* SceneDelegate.swift */; };
		078A2A7A280D466D009982CC /* ViewController.swift in Sources */ = {isa = PBXBuildFile; fileRef = 078A2A79280D466D009982CC /* ViewController.swift */; };
		078A2A7D280D466D009982CC /* Main.storyboard in Resources */ = {isa = PBXBuildFile; fileRef = 078A2A7B280D466D009982CC /* Main.storyboard */; };
		078A2A7F280D466F009982CC /* Assets.xcassets in Resources */ = {isa = PBXBuildFile; fileRef = 078A2A7E280D466F009982CC /* Assets.xcassets */; };
		078A2A82280D466F009982CC /* LaunchScreen.storyboard in Resources */ = {isa = PBXBuildFile; fileRef = 078A2A80280D466F009982CC /* LaunchScreen.storyboard */; };
		078A2A8D280D466F009982CC /* ios_examTests.swift in Sources */ = {isa = PBXBuildFile; fileRef = 078A2A8C280D466F009982CC /* ios_examTests.swift */; };
		078A2A97280D466F009982CC /* ios_examUITests.swift in Sources */ = {isa = PBXBuildFile; fileRef = 078A2A96280D466F009982CC /* ios_examUITests.swift */; };
		078A2A99280D466F009982CC /* ios_examUITestsLaunchTests.swift in Sources */ = {isa = PBXBuildFile; fileRef = 078A2A98280D466F009982CC /* ios_examUITestsLaunchTests.swift */; };
/* End PBXBuildFile section */

/* Begin PBXContainerItemProxy section */
		078A2A89280D466F009982CC /* PBXContainerItemProxy */ = {
			isa = PBXContainerItemProxy;
			containerPortal = 078A2A6A280D466D009982CC /* Project object */;
			proxyType = 1;
			remoteGlobalIDString = 078A2A71280D466D009982CC;
			remoteInfo = "ios-exam";
		};
		078A2A93280D466F009982CC /* PBXContainerItemProxy */ = {
			isa = PBXContainerItemProxy;
			containerPortal = 078A2A6A280D466D009982CC /* Project object */;
			proxyType = 1;
			remoteGlobalIDString = 078A2A71280D466D009982CC;
			remoteInfo = "ios-exam";
		};
/* End PBXContainerItemProxy section */

/* Begin PBXFileReference section */
		078A2A72280D466D009982CC /* ios-exam.app */ = {isa = PBXFileReference; explicitFileType = wrapper.application; includeInIndex = 0; path = "ios-exam.app"; sourceTree = BUILT_PRODUCTS_DIR; };
		078A2A75280D466D009982CC /* AppDelegate.swift */ = {isa = PBXFileReference; lastKnownFileType = sourcecode.swift; path = AppDelegate.swift; sourceTree = "<group>"; };
		078A2A77280D466D009982CC /* SceneDelegate.swift */ = {isa = PBXFileReference; lastKnownFileType = sourcecode.swift; path = SceneDelegate.swift; sourceTree = "<group>"; };
		078A2A79280D466D009982CC /* ViewController.swift */ = {isa = PBXFileReference; lastKnownFileType = sourcecode.swift; path = ViewController.swift; sourceTree = "<group>"; };
		078A2A7C280D466D009982CC /* Base */ = {isa = PBXFileReference; lastKnownFileType = file.storyboard; name = Base; path = Base.lproj/Main.storyboard; sourceTree = "<group>"; };
		078A2A7E280D466F009982CC /* Assets.xcassets */ = {isa = PBXFileReference; lastKnownFileType = folder.assetcatalog; path = Assets.xcassets; sourceTree = "<group>"; };
		078A2A81280D466F009982CC /* Base */ = {isa = PBXFileReference; lastKnownFileType = file.storyboard; name = Base; path = Base.lproj/LaunchScreen.storyboard; sourceTree = "<group>"; };
		078A2A83280D466F009982CC /* Info.plist */ = {isa = PBXFileReference; lastKnownFileType = text.plist.xml; path = Info.plist; sourceTree = "<group>"; };
		078A2A88280D466F009982CC /* ios-examTests.xctest */ = {isa = PBXFileReference; explicitFileType = wrapper.cfbundle; includeInIndex = 0; path = "ios-examTests.xctest"; sourceTree = BUILT_PRODUCTS_DIR; };
		078A2A8C280D466F009982CC /* ios_examTests.swift */ = {isa = PBXFileReference; lastKnownFileType = sourcecode.swift; path = ios_examTests.swift; sourceTree = "<group>"; };
		078A2A92280D466F009982CC /* ios-examUITests.xctest */ = {isa = PBXFileReference; explicitFileType = wrapper.cfbundle; includeInIndex = 0; path = "ios-examUITests.xctest"; sourceTree = BUILT_PRODUCTS_DIR; };
		078A2A96280D466F009982CC /* ios_examUITests.swift */ = {isa = PBXFileReference; lastKnownFileType = sourcecode.swift; path = ios_examUITests.swift; sourceTree = "<group>"; };
		078A2A98280D466F009982CC /* ios_examUITestsLaunchTests.swift */ = {isa = PBXFileReference; lastKnownFileType = sourcecode.swift; path = ios_examUITestsLaunchTests.swift; sourceTree = "<group>"; };
/* End PBXFileReference section */

/* Begin PBXFrameworksBuildPhase section */
		078A2A6F280D466D009982CC /* Frameworks */ = {
			isa = PBXFrameworksBuildPhase;
			buildActionMask = 2147483647;
			files = (
			);
			runOnlyForDeploymentPostprocessing = 0;
		};
		078A2A85280D466F009982CC /* Frameworks */ = {
			isa = PBXFrameworksBuildPhase;
			buildActionMask = 2147483647;
			files = (
			);
			runOnlyForDeploymentPostprocessing = 0;
		};
		078A2A8F280D466F009982CC /* Frameworks */ = {
			isa = PBXFrameworksBuildPhase;
			buildActionMask = 2147483647;
			files = (
			);
			runOnlyForDeploymentPostprocessing = 0;
		};
/* End PBXFrameworksBuildPhase section */

/* Begin PBXGroup section */
		078A2A69280D466D009982CC = {
			isa = PBXGroup;
			children = (
				078A2A74280D466D009982CC /* ios-exam */,
				078A2A8B280D466F009982CC /* ios-examTests */,
				078A2A95280D466F009982CC /* ios-examUITests */,
				078A2A73280D466D009982CC /* Products */,
			);
			sourceTree = "<group>";
		};
		078A2A73280D466D009982CC /* Products */ = {
			isa = PBXGroup;
			children = (
				078A2A72280D466D009982CC /* ios-exam.app */,
				078A2A88280D466F009982CC /* ios-examTests.xctest */,
				078A2A92280D466F009982CC /* ios-examUITests.xctest */,
			);
			name = Products;
			sourceTree = "<group>";
		};
		078A2A74280D466D009982CC /* ios-exam */ = {
			isa = PBXGroup;
			children = (
				078A2A75280D466D009982CC /* AppDelegate.swift */,
				078A2A77280D466D009982CC /* SceneDelegate.swift */,
				078A2A79280D466D009982CC /* ViewController.swift */,
				078A2A7B280D466D009982CC /* Main.storyboard */,
				078A2A7E280D466F009982CC /* Assets.xcassets */,
				078A2A80280D466F009982CC /* LaunchScreen.storyboard */,
				078A2A83280D466F009982CC /* Info.plist */,
			);
			path = "ios-exam";
			sourceTree = "<group>";
		};
		078A2A8B280D466F009982CC /* ios-examTests */ = {
			isa = PBXGroup;
			children = (
				078A2A8C280D466F009982CC /* ios_examTests.swift */,
			);
			path = "ios-examTests";
			sourceTree = "<group>";
		};
		078A2A95280D466F009982CC /* ios-examUITests */ = {
			isa = PBXGroup;
			children = (
				078A2A96280D466F009982CC /* ios_examUITests.swift */,
				078A2A98280D466F009982CC /* ios_examUITestsLaunchTests.swift */,
			);
			path = "ios-examUITests";
			sourceTree = "<group>";
		};
/* End PBXGroup section */

/* Begin PBXNativeTarget section */
		078A2A71280D466D009982CC /* ios-exam */ = {
			isa = PBXNativeTarget;
			buildConfigurationList = 078A2A9C280D466F009982CC /* Build configuration list for PBXNativeTarget "ios-exam" */;
			buildPhases = (
				078A2A6E280D466D009982CC /* Sources */,
				078A2A6F280D466D009982CC /* Frameworks */,
				078A2A70280D466D009982CC /* Resources */,
			);
			buildRules = (
			);
			dependencies = (
			);
			name = "ios-exam";
			productName = "ios-exam";
			productReference = 078A2A72280D466D009982CC /* ios-exam.app */;
			productType = "com.apple.product-type.application";
		};
		078A2A87280D466F009982CC /* ios-examTests */ = {
			isa = PBXNativeTarget;
			buildConfigurationList = 078A2A9F280D466F009982CC /* Build configuration list for PBXNativeTarget "ios-examTests" */;
			buildPhases = (
				078A2A84280D466F009982CC /* Sources */,
				078A2A85280D466F009982CC /* Frameworks */,
				078A2A86280D466F009982CC /* Resources */,
			);
			buildRules = (
			);
			dependencies = (
				078A2A8A280D466F009982CC /* PBXTargetDependency */,
			);
			name = "ios-examTests";
			productName = "ios-examTests";
			productReference = 078A2A88280D466F009982CC /* ios-examTests.xctest */;
			productType = "com.apple.product-type.bundle.unit-test";
		};
		078A2A91280D466F009982CC /* ios-examUITests */ = {
			isa = PBXNativeTarget;
			buildConfigurationList = 078A2AA2280D466F009982CC /* Build configuration list for PBXNativeTarget "ios-examUITests" */;
			buildPhases = (
				078A2A8E280D466F009982CC /* Sources */,
				078A2A8F280D466F009982CC /* Frameworks */,
				078A2A90280D466F009982CC /* Resources */,
			);
			buildRules = (
			);
			dependencies = (
				078A2A94280D466F009982CC /* PBXTargetDependency */,
			);
			name = "ios-examUITests";
			productName = "ios-examUITests";
			productReference = 078A2A92280D466F009982CC /* ios-examUITests.xctest */;
			productType = "com.apple.product-type.bundle.ui-testing";
		};
/* End PBXNativeTarget section */

/* Begin PBXProject section */
		078A2A6A280D466D009982CC /* Project object */ = {
			isa = PBXProject;
			attributes = {
				BuildIndependentTargetsInParallel = 1;
				LastSwiftUpdateCheck = 1310;
				LastUpgradeCheck = 1310;
				TargetAttributes = {
					078A2A71280D466D009982CC = {
						CreatedOnToolsVersion = 13.1;
					};
					078A2A87280D466F009982CC = {
						CreatedOnToolsVersion = 13.1;
						TestTargetID = 078A2A71280D466D009982CC;
					};
					078A2A91280D466F009982CC = {
						CreatedOnToolsVersion = 13.1;
						TestTargetID = 078A2A71280D466D009982CC;
					};
				};
			};
			buildConfigurationList = 078A2A6D280D466D009982CC /* Build configuration list for PBXProject "ios-exam" */;
			compatibilityVersion = "Xcode 13.0";
			developmentRegion = en;
			hasScannedForEncodings = 0;
			knownRegions = (
				en,
				Base,
			);
			mainGroup = 078A2A69280D466D009982CC;
			productRefGroup = 078A2A73280D466D009982CC /* Products */;
			projectDirPath = "";
			projectRoot = "";
			targets = (
				078A2A71280D466D009982CC /* ios-exam */,
				078A2A87280D466F009982CC /* ios-examTests */,
				078A2A91280D466F009982CC /* ios-examUITests */,
			);
		};
/* End PBXProject section */

/* Begin PBXResourcesBuildPhase section */
		078A2A70280D466D009982CC /* Resources */ = {
			isa = PBXResourcesBuildPhase;
			buildActionMask = 2147483647;
			files = (
				078A2A82280D466F009982CC /* LaunchScreen.storyboard in Resources */,
				078A2A7F280D466F009982CC /* Assets.xcassets in Resources */,
				078A2A7D280D466D009982CC /* Main.storyboard in Resources */,
			);
			runOnlyForDeploymentPostprocessing = 0;
		};
		078A2A86280D466F009982CC /* Resources */ = {
			isa = PBXResourcesBuildPhase;
			buildActionMask = 2147483647;
			files = (
			);
			runOnlyForDeploymentPostprocessing = 0;
		};
		078A2A90280D466F009982CC /* Resources */ = {
			isa = PBXResourcesBuildPhase;
			buildActionMask = 2147483647;
			files = (
			);
			runOnlyForDeploymentPostprocessing = 0;
		};
/* End PBXResourcesBuildPhase section */

/* Begin PBXSourcesBuildPhase section */
		078A2A6E280D466D009982CC /* Sources */ = {
			isa = PBXSourcesBuildPhase;
			buildActionMask = 2147483647;
			files = (
				078A2A7A280D466D009982CC /* ViewController.swift in Sources */,
				078A2A76280D466D009982CC /* AppDelegate.swift in Sources */,
				078A2A78280D466D009982CC /* SceneDelegate.swift in Sources */,
			);
			runOnlyForDeploymentPostprocessing = 0;
		};
		078A2A84280D466F009982CC /* Sources */ = {
			isa = PBXSourcesBuildPhase;
			buildActionMask = 2147483647;
			files = (
				078A2A8D280D466F009982CC /* ios_examTests.swift in Sources */,
			);
			runOnlyForDeploymentPostprocessing = 0;
		};
		078A2A8E280D466F009982CC /* Sources */ = {
			isa = PBXSourcesBuildPhase;
			buildActionMask = 2147483647;
			files = (
				078A2A99280D466F009982CC /* ios_examUITestsLaunchTests.swift in Sources */,
				078A2A97280D466F009982CC /* ios_examUITests.swift in Sources */,
			);
			runOnlyForDeploymentPostprocessing = 0;
		};
/* End PBXSourcesBuildPhase section */

/* Begin PBXTargetDependency section */
		078A2A8A280D466F009982CC /* PBXTargetDependency */ = {
			isa = PBXTargetDependency;
			target = 078A2A71280D466D009982CC /* ios-exam */;
			targetProxy = 078A2A89280D466F009982CC /* PBXContainerItemProxy */;
		};
		078A2A94280D466F009982CC /* PBXTargetDependency */ = {
			isa = PBXTargetDependency;
			target = 078A2A71280D466D009982CC /* ios-exam */;
			targetProxy = 078A2A93280D466F009982CC /* PBXContainerItemProxy */;
		};
/* End PBXTargetDependency section */

/* Begin PBXVariantGroup section */
		078A2A7B280D466D009982CC /* Main.storyboard */ = {
			isa = PBXVariantGroup;
			children = (
				078A2A7C280D466D009982CC /* Base */,
			);
			name = Main.storyboard;
			sourceTree = "<group>";
		};
		078A2A80280D466F009982CC /* LaunchScreen.storyboard */ = {
			isa = PBXVariantGroup;
			children = (
				078A2A81280D466F009982CC /* Base */,
			);
			name = LaunchScreen.storyboard;
			sourceTree = "<group>";
		};
/* End PBXVariantGroup section */

/* Begin XCBuildConfiguration section */
		078A2A9A280D466F009982CC /* Debug */ = {
			isa = XCBuildConfiguration;
			buildSettings = {
				ALWAYS_SEARCH_USER_PATHS = NO;
				CLANG_ANALYZER_NONNULL = YES;
				CLANG_ANALYZER_NUMBER_OBJECT_CONVERSION = YES_AGGRESSIVE;
				CLANG_CXX_LANGUAGE_STANDARD = "gnu++17";
				CLANG_CXX_LIBRARY = "libc++";
				CLANG_ENABLE_MODULES = YES;
				CLANG_ENABLE_OBJC_ARC = YES;
				CLANG_ENABLE_OBJC_WEAK = YES;
				CLANG_WARN_BLOCK_CAPTURE_AUTORELEASING = YES;
				CLANG_WARN_BOOL_CONVERSION = YES;
				CLANG_WARN_COMMA = YES;
				CLANG_WARN_CONSTANT_CONVERSION = YES;
				CLANG_WARN_DEPRECATED_OBJC_IMPLEMENTATIONS = YES;
				CLANG_WARN_DIRECT_OBJC_ISA_USAGE = YES_ERROR;
				CLANG_WARN_DOCUMENTATION_COMMENTS = YES;
				CLANG_WARN_EMPTY_BODY = YES;
				CLANG_WARN_ENUM_CONVERSION = YES;
				CLANG_WARN_INFINITE_RECURSION = YES;
				CLANG_WARN_INT_CONVERSION = YES;
				CLANG_WARN_NON_LITERAL_NULL_CONVERSION = YES;
				CLANG_WARN_OBJC_IMPLICIT_RETAIN_SELF = YES;
				CLANG_WARN_OBJC_LITERAL_CONVERSION = YES;
				CLANG_WARN_OBJC_ROOT_CLASS = YES_ERROR;
				CLANG_WARN_QUOTED_INCLUDE_IN_FRAMEWORK_HEADER = YES;
				CLANG_WARN_RANGE_LOOP_ANALYSIS = YES;
				CLANG_WARN_STRICT_PROTOTYPES = YES;
				CLANG_WARN_SUSPICIOUS_MOVE = YES;
				CLANG_WARN_UNGUARDED_AVAILABILITY = YES_AGGRESSIVE;
				CLANG_WARN_UNREACHABLE_CODE = YES;
				CLANG_WARN__DUPLICATE_METHOD_MATCH = YES;
				COPY_PHASE_STRIP = NO;
				DEBUG_INFORMATION_FORMAT = dwarf;
				ENABLE_STRICT_OBJC_MSGSEND = YES;
				ENABLE_TESTABILITY = YES;
				GCC_C_LANGUAGE_STANDARD = gnu11;
				GCC_DYNAMIC_NO_PIC = NO;
				GCC_NO_COMMON_BLOCKS = YES;
				GCC_OPTIMIZATION_LEVEL = 0;
				GCC_PREPROCESSOR_DEFINITIONS = (
					"DEBUG=1",
					"$(inherited)",
				);
				GCC_WARN_64_TO_32_BIT_CONVERSION = YES;
				GCC_WARN_ABOUT_RETURN_TYPE = YES_ERROR;
				GCC_WARN_UNDECLARED_SELECTOR = YES;
				GCC_WARN_UNINITIALIZED_AUTOS = YES_AGGRESSIVE;
				GCC_WARN_UNUSED_FUNCTION = YES;
				GCC_WARN_UNUSED_VARIABLE = YES;
				IPHONEOS_DEPLOYMENT_TARGET = 15.0;
				MTL_ENABLE_DEBUG_INFO = INCLUDE_SOURCE;
				MTL_FAST_MATH = YES;
				ONLY_ACTIVE_ARCH = YES;
				SDKROOT = iphoneos;
				SWIFT_ACTIVE_COMPILATION_CONDITIONS = DEBUG;
				SWIFT_OPTIMIZATION_LEVEL = "-Onone";
			};
			name = Debug;
		};
		078A2A9B280D466F009982CC /* Release */ = {
			isa = XCBuildConfiguration;
			buildSettings = {
				ALWAYS_SEARCH_USER_PATHS = NO;
				CLANG_ANALYZER_NONNULL = YES;
				CLANG_ANALYZER_NUMBER_OBJECT_CONVERSION = YES_AGGRESSIVE;
				CLANG_CXX_LANGUAGE_STANDARD = "gnu++17";
				CLANG_CXX_LIBRARY = "libc++";
				CLANG_ENABLE_MODULES = YES;
				CLANG_ENABLE_OBJC_ARC = YES;
				CLANG_ENABLE_OBJC_WEAK = YES;
				CLANG_WARN_BLOCK_CAPTURE_AUTORELEASING = YES;
				CLANG_WARN_BOOL_CONVERSION = YES;
				CLANG_WARN_COMMA = YES;
				CLANG_WARN_CONSTANT_CONVERSION = YES;
				CLANG_WARN_DEPRECATED_OBJC_IMPLEMENTATIONS = YES;
				CLANG_WARN_DIRECT_OBJC_ISA_USAGE = YES_ERROR;
				CLANG_WARN_DOCUMENTATION_COMMENTS = YES;
				CLANG_WARN_EMPTY_BODY = YES;
				CLANG_WARN_ENUM_CONVERSION = YES;
				CLANG_WARN_INFINITE_RECURSION = YES;
				CLANG_WARN_INT_CONVERSION = YES;
				CLANG_WARN_NON_LITERAL_NULL_CONVERSION = YES;
				CLANG_WARN_OBJC_IMPLICIT_RETAIN_SELF = YES;
				CLANG_WARN_OBJC_LITERAL_CONVERSION = YES;
				CLANG_WARN_OBJC_ROOT_CLASS = YES_ERROR;
				CLANG_WARN_QUOTED_INCLUDE_IN_FRAMEWORK_HEADER = YES;
				CLANG_WARN_RANGE_LOOP_ANALYSIS = YES;
				CLANG_WARN_STRICT_PROTOTYPES = YES;
				CLANG_WARN_SUSPICIOUS_MOVE = YES;
				CLANG_WARN_UNGUARDED_AVAILABILITY = YES_AGGRESSIVE;
				CLANG_WARN_UNREACHABLE_CODE = YES;
				CLANG_WARN__DUPLICATE_METHOD_MATCH = YES;
				COPY_PHASE_STRIP = NO;
				DEBUG_INFORMATION_FORMAT = "dwarf-with-dsym";
				ENABLE_NS_ASSERTIONS = NO;
				ENABLE_STRICT_OBJC_MSGSEND = YES;
				GCC_C_LANGUAGE_STANDARD = gnu11;
				GCC_NO_COMMON_BLOCKS = YES;
				GCC_WARN_64_TO_32_BIT_CONVERSION = YES;
				GCC_WARN_ABOUT_RETURN_TYPE = YES_ERROR;
				GCC_WARN_UNDECLARED_SELECTOR = YES;
				GCC_WARN_UNINITIALIZED_AUTOS = YES_AGGRESSIVE;
				GCC_WARN_UNUSED_FUNCTION = YES;
				GCC_WARN_UNUSED_VARIABLE = YES;
				IPHONEOS_DEPLOYMENT_TARGET = 15.0;
				MTL_ENABLE_DEBUG_INFO = NO;
				MTL_FAST_MATH = YES;
				SDKROOT = iphoneos;
				SWIFT_COMPILATION_MODE = wholemodule;
				SWIFT_OPTIMIZATION_LEVEL = "-O";
				VALIDATE_PRODUCT = YES;
			};
			name = Release;
		};
		078A2A9D280D466F009982CC /* Debug */ = {
			isa = XCBuildConfiguration;
			buildSettings = {
				ASSETCATALOG_COMPILER_APPICON_NAME = AppIcon;
				ASSETCATALOG_COMPILER_GLOBAL_ACCENT_COLOR_NAME = AccentColor;
				CODE_SIGN_STYLE = Automatic;
				CURRENT_PROJECT_VERSION = 1;
				DEVELOPMENT_TEAM = YF7XW36TCW;
				GENERATE_INFOPLIST_FILE = YES;
				INFOPLIST_FILE = "ios-exam/Info.plist";
				INFOPLIST_KEY_UIApplicationSupportsIndirectInputEvents = YES;
				INFOPLIST_KEY_UILaunchStoryboardName = LaunchScreen;
				INFOPLIST_KEY_UIMainStoryboardFile = Main;
				INFOPLIST_KEY_UISupportedInterfaceOrientations_iPad = "UIInterfaceOrientationPortrait UIInterfaceOrientationPortraitUpsideDown UIInterfaceOrientationLandscapeLeft UIInterfaceOrientationLandscapeRight";
				INFOPLIST_KEY_UISupportedInterfaceOrientations_iPhone = "UIInterfaceOrientationPortrait UIInterfaceOrientationLandscapeLeft UIInterfaceOrientationLandscapeRight";
				LD_RUNPATH_SEARCH_PATHS = (
					"$(inherited)",
					"@executable_path/Frameworks",
				);
				MARKETING_VERSION = 1.0;
				PRODUCT_BUNDLE_IDENTIFIER = "com.sample.ios-exam";
				PRODUCT_NAME = "$(TARGET_NAME)";
				SWIFT_EMIT_LOC_STRINGS = YES;
				SWIFT_VERSION = 5.0;
				TARGETED_DEVICE_FAMILY = "1,2";
			};
			name = Debug;
		};
		078A2A9E280D466F009982CC /* Release */ = {
			isa = XCBuildConfiguration;
			buildSettings = {
				ASSETCATALOG_COMPILER_APPICON_NAME = AppIcon;
				ASSETCATALOG_COMPILER_GLOBAL_ACCENT_COLOR_NAME = AccentColor;
				CODE_SIGN_STYLE = Automatic;
				CURRENT_PROJECT_VERSION = 1;
				DEVELOPMENT_TEAM = YF7XW36TCW;
				GENERATE_INFOPLIST_FILE = YES;
				INFOPLIST_FILE = "ios-exam/Info.plist";
				INFOPLIST_KEY_UIApplicationSupportsIndirectInputEvents = YES;
				INFOPLIST_KEY_UILaunchStoryboardName = LaunchScreen;
				INFOPLIST_KEY_UIMainStoryboardFile = Main;
				INFOPLIST_KEY_UISupportedInterfaceOrientations_iPad = "UIInterfaceOrientationPortrait UIInterfaceOrientationPortraitUpsideDown UIInterfaceOrientationLandscapeLeft UIInterfaceOrientationLandscapeRight";
				INFOPLIST_KEY_UISupportedInterfaceOrientations_iPhone = "UIInterfaceOrientationPortrait UIInterfaceOrientationLandscapeLeft UIInterfaceOrientationLandscapeRight";
				LD_RUNPATH_SEARCH_PATHS = (
					"$(inherited)",
					"@executable_path/Frameworks",
				);
				MARKETING_VERSION = 1.0;
				PRODUCT_BUNDLE_IDENTIFIER = "com.sample.ios-exam";
				PRODUCT_NAME = "$(TARGET_NAME)";
				SWIFT_EMIT_LOC_STRINGS = YES;
				SWIFT_VERSION = 5.0;
				TARGETED_DEVICE_FAMILY = "1,2";
			};
			name = Release;
		};
		078A2AA0280D466F009982CC /* Debug */ = {
			isa = XCBuildConfiguration;
			buildSettings = {
				ALWAYS_EMBED_SWIFT_STANDARD_LIBRARIES = YES;
				BUNDLE_LOADER = "$(TEST_HOST)";
				CODE_SIGN_STYLE = Automatic;
				CURRENT_PROJECT_VERSION = 1;
				DEVELOPMENT_TEAM = YF7XW36TCW;
				GENERATE_INFOPLIST_FILE = YES;
				IPHONEOS_DEPLOYMENT_TARGET = 15.0;
				LD_RUNPATH_SEARCH_PATHS = (
					"$(inherited)",
					"@executable_path/Frameworks",
					"@loader_path/Frameworks",
				);
				MARKETING_VERSION = 1.0;
				PRODUCT_BUNDLE_IDENTIFIER = "com.sample.ios-examTests";
				PRODUCT_NAME = "$(TARGET_NAME)";
				SWIFT_EMIT_LOC_STRINGS = NO;
				SWIFT_VERSION = 5.0;
				TARGETED_DEVICE_FAMILY = "1,2";
				TEST_HOST = "$(BUILT_PRODUCTS_DIR)/ios-exam.app/ios-exam";
			};
			name = Debug;
		};
		078A2AA1280D466F009982CC /* Release */ = {
			isa = XCBuildConfiguration;
			buildSettings = {
				ALWAYS_EMBED_SWIFT_STANDARD_LIBRARIES = YES;
				BUNDLE_LOADER = "$(TEST_HOST)";
				CODE_SIGN_STYLE = Automatic;
				CURRENT_PROJECT_VERSION = 1;
				DEVELOPMENT_TEAM = YF7XW36TCW;
				GENERATE_INFOPLIST_FILE = YES;
				IPHONEOS_DEPLOYMENT_TARGET = 15.0;
				LD_RUNPATH_SEARCH_PATHS = (
					"$(inherited)",
					"@executable_path/Frameworks",
					"@loader_path/Frameworks",
				);
				MARKETING_VERSION = 1.0;
				PRODUCT_BUNDLE_IDENTIFIER = "com.sample.ios-examTests";
				PRODUCT_NAME = "$(TARGET_NAME)";
				SWIFT_EMIT_LOC_STRINGS = NO;
				SWIFT_VERSION = 5.0;
				TARGETED_DEVICE_FAMILY = "1,2";
				TEST_HOST = "$(BUILT_PRODUCTS_DIR)/ios-exam.app/ios-exam";
			};
			name = Release;
		};
		078A2AA3280D466F009982CC /* Debug */ = {
			isa = XCBuildConfiguration;
			buildSettings = {
				ALWAYS_EMBED_SWIFT_STANDARD_LIBRARIES = YES;
				CODE_SIGN_STYLE = Automatic;
				CURRENT_PROJECT_VERSION = 1;
				DEVELOPMENT_TEAM = YF7XW36TCW;
				GENERATE_INFOPLIST_FILE = YES;
				LD_RUNPATH_SEARCH_PATHS = (
					"$(inherited)",
					"@executable_path/Frameworks",
					"@loader_path/Frameworks",
				);
				MARKETING_VERSION = 1.0;
				PRODUCT_BUNDLE_IDENTIFIER = "com.sample.ios-examUITests";
				PRODUCT_NAME = "$(TARGET_NAME)";
				SWIFT_EMIT_LOC_STRINGS = NO;
				SWIFT_VERSION = 5.0;
				TARGETED_DEVICE_FAMILY = "1,2";
				TEST_TARGET_NAME = "ios-exam";
			};
			name = Debug;
		};
		078A2AA4280D466F009982CC /* Release */ = {
			isa = XCBuildConfiguration;
			buildSettings = {
				ALWAYS_EMBED_SWIFT_STANDARD_LIBRARIES = YES;
				CODE_SIGN_STYLE = Automatic;
				CURRENT_PROJECT_VERSION = 1;
				DEVELOPMENT_TEAM = YF7XW36TCW;
				GENERATE_INFOPLIST_FILE = YES;
				LD_RUNPATH_SEARCH_PATHS = (
					"$(inherited)",
					"@executable_path/Frameworks",
					"@loader_path/Frameworks",
				);
				MARKETING_VERSION = 1.0;
				PRODUCT_BUNDLE_IDENTIFIER = "com.sample.ios-examUITests";
				PRODUCT_NAME = "$(TARGET_NAME)";
				SWIFT_EMIT_LOC_STRINGS = NO;
				SWIFT_VERSION = 5.0;
				TARGETED_DEVICE_FAMILY = "1,2";
				TEST_TARGET_NAME = "ios-exam";
			};
			name = Release;
		};
/* End XCBuildConfiguration section */

/* Begin XCConfigurationList section */
		078A2A6D280D466D009982CC /* Build configuration list for PBXProject "ios-exam" */ = {
			isa = XCConfigurationList;
			buildConfigurations = (
				078A2A9A280D466F009982CC /* Debug */,
				078A2A9B280D466F009982CC /* Release */,
			);
			defaultConfigurationIsVisible = 0;
			defaultConfigurationName = Release;
		};
		078A2A9C280D466F009982CC /* Build configuration list for PBXNativeTarget "ios-exam" */ = {
			isa = XCConfigurationList;
			buildConfigurations = (
				078A2A9D280D466F009982CC /* Debug */,
				078A2A9E280D466F009982CC /* Release */,
			);
			defaultConfigurationIsVisible = 0;
			defaultConfigurationName = Release;
		};
		078A2A9F280D466F009982CC /* Build configuration list for PBXNativeTarget "ios-examTests" */ = {
			isa = XCConfigurationList;
			buildConfigurations = (
				078A2AA0280D466F009982CC /* Debug */,
				078A2AA1280D466F009982CC /* Release */,
			);
			defaultConfigurationIsVisible = 0;
			defaultConfigurationName = Release;
		};
		078A2AA2280D466F009982CC /* Build configuration list for PBXNativeTarget "ios-examUITests" */ = {
			isa = XCConfigurationList;
			buildConfigurations = (
				078A2AA3280D466F009982CC /* Debug */,
				078A2AA4280D466F009982CC /* Release */,
			);
			defaultConfigurationIsVisible = 0;
			defaultConfigurationName = Release;
		};
/* End XCConfigurationList section */
	};
	rootObject = 078A2A6A280D466D009982CC /* Project object */;
}
